
Microsoft Visual Studio Solution File, Format Version 12.00
# Visual Studio Version 16
VisualStudioVersion = 16.0.31911.196
MinimumVisualStudioVersion = 10.0.40219.1
Project("{FAE04EC0-301F-11D3-BF4B-00C04F79EFBC}") = "Transportation", "Transportation\Transportation.csproj", "{C3034A52-A572-46DD-87D3-119F65E1015F}"
	ProjectSection(ProjectDependencies) = postProject
		{F9E67384-7D78-4290-8FF8-18D0090E4615} = {F9E67384-7D78-4290-8FF8-18D0090E4615}
	EndProjectSection
EndProject
Project("{FAE04EC0-301F-11D3-BF4B-00C04F79EFBC}") = "TransportDB", "TransportDB\TransportDB.csproj", "{F9E67384-7D78-4290-8FF8-18D0090E4615}"
EndProject
Global
	GlobalSection(SolutionConfigurationPlatforms) = preSolution
		Debug|Any CPU = Debug|Any CPU
		Release|Any CPU = Release|Any CPU
	EndGlobalSection
	GlobalSection(ProjectConfigurationPlatforms) = postSolution
		{C3034A52-A572-46DD-87D3-119F65E1015F}.Debug|Any CPU.ActiveCfg = Debug|Any CPU
		{C3034A52-A572-46DD-87D3-119F65E1015F}.Debug|Any CPU.Build.0 = Debug|Any CPU
		{C3034A52-A572-46DD-87D3-119F65E1015F}.Release|Any CPU.ActiveCfg = Release|Any CPU
		{C3034A52-A572-46DD-87D3-119F65E1015F}.Release|Any CPU.Build.0 = Release|Any CPU
		{F9E67384-7D78-4290-8FF8-18D0090E4615}.Debug|Any CPU.ActiveCfg = Debug|Any CPU
		{F9E67384-7D78-4290-8FF8-18D0090E4615}.Debug|Any CPU.Build.0 = Debug|Any CPU
		{F9E67384-7D78-4290-8FF8-18D0090E4615}.Release|Any CPU.ActiveCfg = Release|Any CPU
		{F9E67384-7D78-4290-8FF8-18D0090E4615}.Release|Any CPU.Build.0 = Release|Any CPU
	EndGlobalSection
	GlobalSection(SolutionProperties) = preSolution
		HideSolutionNode = FALSE
	EndGlobalSection
	GlobalSection(ExtensibilityGlobals) = postSolution
		SolutionGuid = {5760AFFE-8E84-481A-AC6A-A91D262A04C2}
	EndGlobalSection
EndGlobal
